// !$*UTF8*$!
{
	archiveVersion = 1;
	classes = {
	};
	objectVersion = 56;
	objects = {

/* Begin PBXBuildFile section */
		74AE4B2F2B7E247A00ABF157 /* AppDelegate.swift in Sources */ = {isa = PBXBuildFile; fileRef = 74AE4B2E2B7E247A00ABF157 /* AppDelegate.swift */; };
		74AE4B312B7E247A00ABF157 /* SceneDelegate.swift in Sources */ = {isa = PBXBuildFile; fileRef = 74AE4B302B7E247A00ABF157 /* SceneDelegate.swift */; };
		74AE4B332B7E247A00ABF157 /* ViewController.swift in Sources */ = {isa = PBXBuildFile; fileRef = 74AE4B322B7E247A00ABF157 /* ViewController.swift */; };
		74AE4B362B7E247A00ABF157 /* Main.storyboard in Resources */ = {isa = PBXBuildFile; fileRef = 74AE4B342B7E247A00ABF157 /* Main.storyboard */; };
		74AE4B382B7E247C00ABF157 /* Assets.xcassets in Resources */ = {isa = PBXBuildFile; fileRef = 74AE4B372B7E247C00ABF157 /* Assets.xcassets */; };
		74AE4B3B2B7E247C00ABF157 /* LaunchScreen.storyboard in Resources */ = {isa = PBXBuildFile; fileRef = 74AE4B392B7E247C00ABF157 /* LaunchScreen.storyboard */; };
		74AE4B462B7E247C00ABF157 /* calculator_akashTests.swift in Sources */ = {isa = PBXBuildFile; fileRef = 74AE4B452B7E247C00ABF157 /* calculator_akashTests.swift */; };
		74AE4B502B7E247C00ABF157 /* calculator_akashUITests.swift in Sources */ = {isa = PBXBuildFile; fileRef = 74AE4B4F2B7E247C00ABF157 /* calculator_akashUITests.swift */; };
		74AE4B522B7E247C00ABF157 /* calculator_akashUITestsLaunchTests.swift in Sources */ = {isa = PBXBuildFile; fileRef = 74AE4B512B7E247C00ABF157 /* calculator_akashUITestsLaunchTests.swift */; };
/* End PBXBuildFile section */

/* Begin PBXContainerItemProxy section */
		74AE4B422B7E247C00ABF157 /* PBXContainerItemProxy */ = {
			isa = PBXContainerItemProxy;
			containerPortal = 74AE4B232B7E247A00ABF157 /* Project object */;
			proxyType = 1;
			remoteGlobalIDString = 74AE4B2A2B7E247A00ABF157;
			remoteInfo = "calculator akash";
		};
		74AE4B4C2B7E247C00ABF157 /* PBXContainerItemProxy */ = {
			isa = PBXContainerItemProxy;
			containerPortal = 74AE4B232B7E247A00ABF157 /* Project object */;
			proxyType = 1;
			remoteGlobalIDString = 74AE4B2A2B7E247A00ABF157;
			remoteInfo = "calculator akash";
		};
/* End PBXContainerItemProxy section */

/* Begin PBXFileReference section */
		74AE4B2B2B7E247A00ABF157 /* calculator akash.app */ = {isa = PBXFileReference; explicitFileType = wrapper.application; includeInIndex = 0; path = "calculator akash.app"; sourceTree = BUILT_PRODUCTS_DIR; };
		74AE4B2E2B7E247A00ABF157 /* AppDelegate.swift */ = {isa = PBXFileReference; lastKnownFileType = sourcecode.swift; path = AppDelegate.swift; sourceTree = "<group>"; };
		74AE4B302B7E247A00ABF157 /* SceneDelegate.swift */ = {isa = PBXFileReference; lastKnownFileType = sourcecode.swift; path = SceneDelegate.swift; sourceTree = "<group>"; };
		74AE4B322B7E247A00ABF157 /* ViewController.swift */ = {isa = PBXFileReference; lastKnownFileType = sourcecode.swift; path = ViewController.swift; sourceTree = "<group>"; };
		74AE4B352B7E247A00ABF157 /* Base */ = {isa = PBXFileReference; lastKnownFileType = file.storyboard; name = Base; path = Base.lproj/Main.storyboard; sourceTree = "<group>"; };
		74AE4B372B7E247C00ABF157 /* Assets.xcassets */ = {isa = PBXFileReference; lastKnownFileType = folder.assetcatalog; path = Assets.xcassets; sourceTree = "<group>"; };
		74AE4B3A2B7E247C00ABF157 /* Base */ = {isa = PBXFileReference; lastKnownFileType = file.storyboard; name = Base; path = Base.lproj/LaunchScreen.storyboard; sourceTree = "<group>"; };
		74AE4B3C2B7E247C00ABF157 /* Info.plist */ = {isa = PBXFileReference; lastKnownFileType = text.plist.xml; path = Info.plist; sourceTree = "<group>"; };
		74AE4B412B7E247C00ABF157 /* calculator akashTests.xctest */ = {isa = PBXFileReference; explicitFileType = wrapper.cfbundle; includeInIndex = 0; path = "calculator akashTests.xctest"; sourceTree = BUILT_PRODUCTS_DIR; };
		74AE4B452B7E247C00ABF157 /* calculator_akashTests.swift */ = {isa = PBXFileReference; lastKnownFileType = sourcecode.swift; path = calculator_akashTests.swift; sourceTree = "<group>"; };
		74AE4B4B2B7E247C00ABF157 /* calculator akashUITests.xctest */ = {isa = PBXFileReference; explicitFileType = wrapper.cfbundle; includeInIndex = 0; path = "calculator akashUITests.xctest"; sourceTree = BUILT_PRODUCTS_DIR; };
		74AE4B4F2B7E247C00ABF157 /* calculator_akashUITests.swift */ = {isa = PBXFileReference; lastKnownFileType = sourcecode.swift; path = calculator_akashUITests.swift; sourceTree = "<group>"; };
		74AE4B512B7E247C00ABF157 /* calculator_akashUITestsLaunchTests.swift */ = {isa = PBXFileReference; lastKnownFileType = sourcecode.swift; path = calculator_akashUITestsLaunchTests.swift; sourceTree = "<group>"; };
/* End PBXFileReference section */

/* Begin PBXFrameworksBuildPhase section */
		74AE4B282B7E247A00ABF157 /* Frameworks */ = {
			isa = PBXFrameworksBuildPhase;
			buildActionMask = 2147483647;
			files = (
			);
			runOnlyForDeploymentPostprocessing = 0;
		};
		74AE4B3E2B7E247C00ABF157 /* Frameworks */ = {
			isa = PBXFrameworksBuildPhase;
			buildActionMask = 2147483647;
			files = (
			);
			runOnlyForDeploymentPostprocessing = 0;
		};
		74AE4B482B7E247C00ABF157 /* Frameworks */ = {
			isa = PBXFrameworksBuildPhase;
			buildActionMask = 2147483647;
			files = (
			);
			runOnlyForDeploymentPostprocessing = 0;
		};
/* End PBXFrameworksBuildPhase section */

/* Begin PBXGroup section */
		74AE4B222B7E247A00ABF157 = {
			isa = PBXGroup;
			children = (
				74AE4B2D2B7E247A00ABF157 /* calculator akash */,
				74AE4B442B7E247C00ABF157 /* calculator akashTests */,
				74AE4B4E2B7E247C00ABF157 /* calculator akashUITests */,
				74AE4B2C2B7E247A00ABF157 /* Products */,
			);
			sourceTree = "<group>";
		};
		74AE4B2C2B7E247A00ABF157 /* Products */ = {
			isa = PBXGroup;
			children = (
				74AE4B2B2B7E247A00ABF157 /* calculator akash.app */,
				74AE4B412B7E247C00ABF157 /* calculator akashTests.xctest */,
				74AE4B4B2B7E247C00ABF157 /* calculator akashUITests.xctest */,
			);
			name = Products;
			sourceTree = "<group>";
		};
		74AE4B2D2B7E247A00ABF157 /* calculator akash */ = {
			isa = PBXGroup;
			children = (
				74AE4B2E2B7E247A00ABF157 /* AppDelegate.swift */,
				74AE4B302B7E247A00ABF157 /* SceneDelegate.swift */,
				74AE4B322B7E247A00ABF157 /* ViewController.swift */,
				74AE4B342B7E247A00ABF157 /* Main.storyboard */,
				74AE4B372B7E247C00ABF157 /* Assets.xcassets */,
				74AE4B392B7E247C00ABF157 /* LaunchScreen.storyboard */,
				74AE4B3C2B7E247C00ABF157 /* Info.plist */,
			);
			path = "calculator akash";
			sourceTree = "<group>";
		};
		74AE4B442B7E247C00ABF157 /* calculator akashTests */ = {
			isa = PBXGroup;
			children = (
				74AE4B452B7E247C00ABF157 /* calculator_akashTests.swift */,
			);
			path = "calculator akashTests";
			sourceTree = "<group>";
		};
		74AE4B4E2B7E247C00ABF157 /* calculator akashUITests */ = {
			isa = PBXGroup;
			children = (
				74AE4B4F2B7E247C00ABF157 /* calculator_akashUITests.swift */,
				74AE4B512B7E247C00ABF157 /* calculator_akashUITestsLaunchTests.swift */,
			);
			path = "calculator akashUITests";
			sourceTree = "<group>";
		};
/* End PBXGroup section */

/* Begin PBXNativeTarget section */
		74AE4B2A2B7E247A00ABF157 /* calculator akash */ = {
			isa = PBXNativeTarget;
			buildConfigurationList = 74AE4B552B7E247C00ABF157 /* Build configuration list for PBXNativeTarget "calculator akash" */;
			buildPhases = (
				74AE4B272B7E247A00ABF157 /* Sources */,
				74AE4B282B7E247A00ABF157 /* Frameworks */,
				74AE4B292B7E247A00ABF157 /* Resources */,
			);
			buildRules = (
			);
			dependencies = (
			);
			name = "calculator akash";
			productName = "calculator akash";
			productReference = 74AE4B2B2B7E247A00ABF157 /* calculator akash.app */;
			productType = "com.apple.product-type.application";
		};
		74AE4B402B7E247C00ABF157 /* calculator akashTests */ = {
			isa = PBXNativeTarget;
			buildConfigurationList = 74AE4B582B7E247C00ABF157 /* Build configuration list for PBXNativeTarget "calculator akashTests" */;
			buildPhases = (
				74AE4B3D2B7E247C00ABF157 /* Sources */,
				74AE4B3E2B7E247C00ABF157 /* Frameworks */,
				74AE4B3F2B7E247C00ABF157 /* Resources */,
			);
			buildRules = (
			);
			dependencies = (
				74AE4B432B7E247C00ABF157 /* PBXTargetDependency */,
			);
			name = "calculator akashTests";
			productName = "calculator akashTests";
			productReference = 74AE4B412B7E247C00ABF157 /* calculator akashTests.xctest */;
			productType = "com.apple.product-type.bundle.unit-test";
		};
		74AE4B4A2B7E247C00ABF157 /* calculator akashUITests */ = {
			isa = PBXNativeTarget;
			buildConfigurationList = 74AE4B5B2B7E247C00ABF157 /* Build configuration list for PBXNativeTarget "calculator akashUITests" */;
			buildPhases = (
				74AE4B472B7E247C00ABF157 /* Sources */,
				74AE4B482B7E247C00ABF157 /* Frameworks */,
				74AE4B492B7E247C00ABF157 /* Resources */,
			);
			buildRules = (
			);
			dependencies = (
				74AE4B4D2B7E247C00ABF157 /* PBXTargetDependency */,
			);
			name = "calculator akashUITests";
			productName = "calculator akashUITests";
			productReference = 74AE4B4B2B7E247C00ABF157 /* calculator akashUITests.xctest */;
			productType = "com.apple.product-type.bundle.ui-testing";
		};
/* End PBXNativeTarget section */

/* Begin PBXProject section */
		74AE4B232B7E247A00ABF157 /* Project object */ = {
			isa = PBXProject;
			attributes = {
				BuildIndependentTargetsInParallel = 1;
				LastSwiftUpdateCheck = 1520;
				LastUpgradeCheck = 1520;
				TargetAttributes = {
					74AE4B2A2B7E247A00ABF157 = {
						CreatedOnToolsVersion = 15.2;
					};
					74AE4B402B7E247C00ABF157 = {
						CreatedOnToolsVersion = 15.2;
						TestTargetID = 74AE4B2A2B7E247A00ABF157;
					};
					74AE4B4A2B7E247C00ABF157 = {
						CreatedOnToolsVersion = 15.2;
						TestTargetID = 74AE4B2A2B7E247A00ABF157;
					};
				};
			};
			buildConfigurationList = 74AE4B262B7E247A00ABF157 /* Build configuration list for PBXProject "calculator akash" */;
			compatibilityVersion = "Xcode 14.0";
			developmentRegion = en;
			hasScannedForEncodings = 0;
			knownRegions = (
				en,
				Base,
			);
			mainGroup = 74AE4B222B7E247A00ABF157;
			productRefGroup = 74AE4B2C2B7E247A00ABF157 /* Products */;
			projectDirPath = "";
			projectRoot = "";
			targets = (
				74AE4B2A2B7E247A00ABF157 /* calculator akash */,
				74AE4B402B7E247C00ABF157 /* calculator akashTests */,
				74AE4B4A2B7E247C00ABF157 /* calculator akashUITests */,
			);
		};
/* End PBXProject section */

/* Begin PBXResourcesBuildPhase section */
		74AE4B292B7E247A00ABF157 /* Resources */ = {
			isa = PBXResourcesBuildPhase;
			buildActionMask = 2147483647;
			files = (
				74AE4B3B2B7E247C00ABF157 /* LaunchScreen.storyboard in Resources */,
				74AE4B382B7E247C00ABF157 /* Assets.xcassets in Resources */,
				74AE4B362B7E247A00ABF157 /* Main.storyboard in Resources */,
			);
			runOnlyForDeploymentPostprocessing = 0;
		};
		74AE4B3F2B7E247C00ABF157 /* Resources */ = {
			isa = PBXResourcesBuildPhase;
			buildActionMask = 2147483647;
			files = (
			);
			runOnlyForDeploymentPostprocessing = 0;
		};
		74AE4B492B7E247C00ABF157 /* Resources */ = {
			isa = PBXResourcesBuildPhase;
			buildActionMask = 2147483647;
			files = (
			);
			runOnlyForDeploymentPostprocessing = 0;
		};
/* End PBXResourcesBuildPhase section */

/* Begin PBXSourcesBuildPhase section */
		74AE4B272B7E247A00ABF157 /* Sources */ = {
			isa = PBXSourcesBuildPhase;
			buildActionMask = 2147483647;
			files = (
				74AE4B332B7E247A00ABF157 /* ViewController.swift in Sources */,
				74AE4B2F2B7E247A00ABF157 /* AppDelegate.swift in Sources */,
				74AE4B312B7E247A00ABF157 /* SceneDelegate.swift in Sources */,
			);
			runOnlyForDeploymentPostprocessing = 0;
		};
		74AE4B3D2B7E247C00ABF157 /* Sources */ = {
			isa = PBXSourcesBuildPhase;
			buildActionMask = 2147483647;
			files = (
				74AE4B462B7E247C00ABF157 /* calculator_akashTests.swift in Sources */,
			);
			runOnlyForDeploymentPostprocessing = 0;
		};
		74AE4B472B7E247C00ABF157 /* Sources */ = {
			isa = PBXSourcesBuildPhase;
			buildActionMask = 2147483647;
			files = (
				74AE4B502B7E247C00ABF157 /* calculator_akashUITests.swift in Sources */,
				74AE4B522B7E247C00ABF157 /* calculator_akashUITestsLaunchTests.swift in Sources */,
			);
			runOnlyForDeploymentPostprocessing = 0;
		};
/* End PBXSourcesBuildPhase section */

/* Begin PBXTargetDependency section */
		74AE4B432B7E247C00ABF157 /* PBXTargetDependency */ = {
			isa = PBXTargetDependency;
			target = 74AE4B2A2B7E247A00ABF157 /* calculator akash */;
			targetProxy = 74AE4B422B7E247C00ABF157 /* PBXContainerItemProxy */;
		};
		74AE4B4D2B7E247C00ABF157 /* PBXTargetDependency */ = {
			isa = PBXTargetDependency;
			target = 74AE4B2A2B7E247A00ABF157 /* calculator akash */;
			targetProxy = 74AE4B4C2B7E247C00ABF157 /* PBXContainerItemProxy */;
		};
/* End PBXTargetDependency section */

/* Begin PBXVariantGroup section */
		74AE4B342B7E247A00ABF157 /* Main.storyboard */ = {
			isa = PBXVariantGroup;
			children = (
				74AE4B352B7E247A00ABF157 /* Base */,
			);
			name = Main.storyboard;
			sourceTree = "<group>";
		};
		74AE4B392B7E247C00ABF157 /* LaunchScreen.storyboard */ = {
			isa = PBXVariantGroup;
			children = (
				74AE4B3A2B7E247C00ABF157 /* Base */,
			);
			name = LaunchScreen.storyboard;
			sourceTree = "<group>";
		};
/* End PBXVariantGroup section */

/* Begin XCBuildConfiguration section */
		74AE4B532B7E247C00ABF157 /* Debug */ = {
			isa = XCBuildConfiguration;
			buildSettings = {
				ALWAYS_SEARCH_USER_PATHS = NO;
				ASSETCATALOG_COMPILER_GENERATE_SWIFT_ASSET_SYMBOL_EXTENSIONS = YES;
				CLANG_ANALYZER_NONNULL = YES;
				CLANG_ANALYZER_NUMBER_OBJECT_CONVERSION = YES_AGGRESSIVE;
				CLANG_CXX_LANGUAGE_STANDARD = "gnu++20";
				CLANG_ENABLE_MODULES = YES;
				CLANG_ENABLE_OBJC_ARC = YES;
				CLANG_ENABLE_OBJC_WEAK = YES;
				CLANG_WARN_BLOCK_CAPTURE_AUTORELEASING = YES;
				CLANG_WARN_BOOL_CONVERSION = YES;
				CLANG_WARN_COMMA = YES;
				CLANG_WARN_CONSTANT_CONVERSION = YES;
				CLANG_WARN_DEPRECATED_OBJC_IMPLEMENTATIONS = YES;
				CLANG_WARN_DIRECT_OBJC_ISA_USAGE = YES_ERROR;
				CLANG_WARN_DOCUMENTATION_COMMENTS = YES;
				CLANG_WARN_EMPTY_BODY = YES;
				CLANG_WARN_ENUM_CONVERSION = YES;
				CLANG_WARN_INFINITE_RECURSION = YES;
				CLANG_WARN_INT_CONVERSION = YES;
				CLANG_WARN_NON_LITERAL_NULL_CONVERSION = YES;
				CLANG_WARN_OBJC_IMPLICIT_RETAIN_SELF = YES;
				CLANG_WARN_OBJC_LITERAL_CONVERSION = YES;
				CLANG_WARN_OBJC_ROOT_CLASS = YES_ERROR;
				CLANG_WARN_QUOTED_INCLUDE_IN_FRAMEWORK_HEADER = YES;
				CLANG_WARN_RANGE_LOOP_ANALYSIS = YES;
				CLANG_WARN_STRICT_PROTOTYPES = YES;
				CLANG_WARN_SUSPICIOUS_MOVE = YES;
				CLANG_WARN_UNGUARDED_AVAILABILITY = YES_AGGRESSIVE;
				CLANG_WARN_UNREACHABLE_CODE = YES;
				CLANG_WARN__DUPLICATE_METHOD_MATCH = YES;
				COPY_PHASE_STRIP = NO;
				DEBUG_INFORMATION_FORMAT = dwarf;
				ENABLE_STRICT_OBJC_MSGSEND = YES;
				ENABLE_TESTABILITY = YES;
				ENABLE_USER_SCRIPT_SANDBOXING = YES;
				GCC_C_LANGUAGE_STANDARD = gnu17;
				GCC_DYNAMIC_NO_PIC = NO;
				GCC_NO_COMMON_BLOCKS = YES;
				GCC_OPTIMIZATION_LEVEL = 0;
				GCC_PREPROCESSOR_DEFINITIONS = (
					"DEBUG=1",
					"$(inherited)",
				);
				GCC_WARN_64_TO_32_BIT_CONVERSION = YES;
				GCC_WARN_ABOUT_RETURN_TYPE = YES_ERROR;
				GCC_WARN_UNDECLARED_SELECTOR = YES;
				GCC_WARN_UNINITIALIZED_AUTOS = YES_AGGRESSIVE;
				GCC_WARN_UNUSED_FUNCTION = YES;
				GCC_WARN_UNUSED_VARIABLE = YES;
				IPHONEOS_DEPLOYMENT_TARGET = 17.2;
				LOCALIZATION_PREFERS_STRING_CATALOGS = YES;
				MTL_ENABLE_DEBUG_INFO = INCLUDE_SOURCE;
				MTL_FAST_MATH = YES;
				ONLY_ACTIVE_ARCH = YES;
				SDKROOT = iphoneos;
				SWIFT_ACTIVE_COMPILATION_CONDITIONS = "DEBUG $(inherited)";
				SWIFT_OPTIMIZATION_LEVEL = "-Onone";
			};
			name = Debug;
		};
		74AE4B542B7E247C00ABF157 /* Release */ = {
			isa = XCBuildConfiguration;
			buildSettings = {
				ALWAYS_SEARCH_USER_PATHS = NO;
				ASSETCATALOG_COMPILER_GENERATE_SWIFT_ASSET_SYMBOL_EXTENSIONS = YES;
				CLANG_ANALYZER_NONNULL = YES;
				CLANG_ANALYZER_NUMBER_OBJECT_CONVERSION = YES_AGGRESSIVE;
				CLANG_CXX_LANGUAGE_STANDARD = "gnu++20";
				CLANG_ENABLE_MODULES = YES;
				CLANG_ENABLE_OBJC_ARC = YES;
				CLANG_ENABLE_OBJC_WEAK = YES;
				CLANG_WARN_BLOCK_CAPTURE_AUTORELEASING = YES;
				CLANG_WARN_BOOL_CONVERSION = YES;
				CLANG_WARN_COMMA = YES;
				CLANG_WARN_CONSTANT_CONVERSION = YES;
				CLANG_WARN_DEPRECATED_OBJC_IMPLEMENTATIONS = YES;
				CLANG_WARN_DIRECT_OBJC_ISA_USAGE = YES_ERROR;
				CLANG_WARN_DOCUMENTATION_COMMENTS = YES;
				CLANG_WARN_EMPTY_BODY = YES;
				CLANG_WARN_ENUM_CONVERSION = YES;
				CLANG_WARN_INFINITE_RECURSION = YES;
				CLANG_WARN_INT_CONVERSION = YES;
				CLANG_WARN_NON_LITERAL_NULL_CONVERSION = YES;
				CLANG_WARN_OBJC_IMPLICIT_RETAIN_SELF = YES;
				CLANG_WARN_OBJC_LITERAL_CONVERSION = YES;
				CLANG_WARN_OBJC_ROOT_CLASS = YES_ERROR;
				CLANG_WARN_QUOTED_INCLUDE_IN_FRAMEWORK_HEADER = YES;
				CLANG_WARN_RANGE_LOOP_ANALYSIS = YES;
				CLANG_WARN_STRICT_PROTOTYPES = YES;
				CLANG_WARN_SUSPICIOUS_MOVE = YES;
				CLANG_WARN_UNGUARDED_AVAILABILITY = YES_AGGRESSIVE;
				CLANG_WARN_UNREACHABLE_CODE = YES;
				CLANG_WARN__DUPLICATE_METHOD_MATCH = YES;
				COPY_PHASE_STRIP = NO;
				DEBUG_INFORMATION_FORMAT = "dwarf-with-dsym";
				ENABLE_NS_ASSERTIONS = NO;
				ENABLE_STRICT_OBJC_MSGSEND = YES;
				ENABLE_USER_SCRIPT_SANDBOXING = YES;
				GCC_C_LANGUAGE_STANDARD = gnu17;
				GCC_NO_COMMON_BLOCKS = YES;
				GCC_WARN_64_TO_32_BIT_CONVERSION = YES;
				GCC_WARN_ABOUT_RETURN_TYPE = YES_ERROR;
				GCC_WARN_UNDECLARED_SELECTOR = YES;
				GCC_WARN_UNINITIALIZED_AUTOS = YES_AGGRESSIVE;
				GCC_WARN_UNUSED_FUNCTION = YES;
				GCC_WARN_UNUSED_VARIABLE = YES;
				IPHONEOS_DEPLOYMENT_TARGET = 17.2;
				LOCALIZATION_PREFERS_STRING_CATALOGS = YES;
				MTL_ENABLE_DEBUG_INFO = NO;
				MTL_FAST_MATH = YES;
				SDKROOT = iphoneos;
				SWIFT_COMPILATION_MODE = wholemodule;
				VALIDATE_PRODUCT = YES;
			};
			name = Release;
		};
		74AE4B562B7E247C00ABF157 /* Debug */ = {
			isa = XCBuildConfiguration;
			buildSettings = {
				ASSETCATALOG_COMPILER_APPICON_NAME = AppIcon;
				ASSETCATALOG_COMPILER_GLOBAL_ACCENT_COLOR_NAME = AccentColor;
				CODE_SIGN_STYLE = Automatic;
				CURRENT_PROJECT_VERSION = 1;
				GENERATE_INFOPLIST_FILE = YES;
				INFOPLIST_FILE = "calculator akash/Info.plist";
				INFOPLIST_KEY_UIApplicationSupportsIndirectInputEvents = YES;
				INFOPLIST_KEY_UILaunchStoryboardName = LaunchScreen;
				INFOPLIST_KEY_UIMainStoryboardFile = Main;
				INFOPLIST_KEY_UISupportedInterfaceOrientations_iPad = "UIInterfaceOrientationPortrait UIInterfaceOrientationPortraitUpsideDown UIInterfaceOrientationLandscapeLeft UIInterfaceOrientationLandscapeRight";
				INFOPLIST_KEY_UISupportedInterfaceOrientations_iPhone = "UIInterfaceOrientationPortrait UIInterfaceOrientationLandscapeLeft UIInterfaceOrientationLandscapeRight";
				LD_RUNPATH_SEARCH_PATHS = (
					"$(inherited)",
					"@executable_path/Frameworks",
				);
				MARKETING_VERSION = 1.0;
				PRODUCT_BUNDLE_IDENTIFIER = "com.zignuts.calculator-akash";
				PRODUCT_NAME = "$(TARGET_NAME)";
				SWIFT_EMIT_LOC_STRINGS = YES;
				SWIFT_VERSION = 5.0;
				TARGETED_DEVICE_FAMILY = "1,2";
			};
			name = Debug;
		};
		74AE4B572B7E247C00ABF157 /* Release */ = {
			isa = XCBuildConfiguration;
			buildSettings = {
				ASSETCATALOG_COMPILER_APPICON_NAME = AppIcon;
				ASSETCATALOG_COMPILER_GLOBAL_ACCENT_COLOR_NAME = AccentColor;
				CODE_SIGN_STYLE = Automatic;
				CURRENT_PROJECT_VERSION = 1;
				GENERATE_INFOPLIST_FILE = YES;
				INFOPLIST_FILE = "calculator akash/Info.plist";
				INFOPLIST_KEY_UIApplicationSupportsIndirectInputEvents = YES;
				INFOPLIST_KEY_UILaunchStoryboardName = LaunchScreen;
				INFOPLIST_KEY_UIMainStoryboardFile = Main;
				INFOPLIST_KEY_UISupportedInterfaceOrientations_iPad = "UIInterfaceOrientationPortrait UIInterfaceOrientationPortraitUpsideDown UIInterfaceOrientationLandscapeLeft UIInterfaceOrientationLandscapeRight";
				INFOPLIST_KEY_UISupportedInterfaceOrientations_iPhone = "UIInterfaceOrientationPortrait UIInterfaceOrientationLandscapeLeft UIInterfaceOrientationLandscapeRight";
				LD_RUNPATH_SEARCH_PATHS = (
					"$(inherited)",
					"@executable_path/Frameworks",
				);
				MARKETING_VERSION = 1.0;
				PRODUCT_BUNDLE_IDENTIFIER = "com.zignuts.calculator-akash";
				PRODUCT_NAME = "$(TARGET_NAME)";
				SWIFT_EMIT_LOC_STRINGS = YES;
				SWIFT_VERSION = 5.0;
				TARGETED_DEVICE_FAMILY = "1,2";
			};
			name = Release;
		};
		74AE4B592B7E247C00ABF157 /* Debug */ = {
			isa = XCBuildConfiguration;
			buildSettings = {
				ALWAYS_EMBED_SWIFT_STANDARD_LIBRARIES = YES;
				BUNDLE_LOADER = "$(TEST_HOST)";
				CODE_SIGN_STYLE = Automatic;
				CURRENT_PROJECT_VERSION = 1;
				GENERATE_INFOPLIST_FILE = YES;
				IPHONEOS_DEPLOYMENT_TARGET = 17.2;
				MARKETING_VERSION = 1.0;
				PRODUCT_BUNDLE_IDENTIFIER = "com.zignuts.calculator-akashTests";
				PRODUCT_NAME = "$(TARGET_NAME)";
				SWIFT_EMIT_LOC_STRINGS = NO;
				SWIFT_VERSION = 5.0;
				TARGETED_DEVICE_FAMILY = "1,2";
				TEST_HOST = "$(BUILT_PRODUCTS_DIR)/calculator akash.app/$(BUNDLE_EXECUTABLE_FOLDER_PATH)/calculator akash";
			};
			name = Debug;
		};
		74AE4B5A2B7E247C00ABF157 /* Release */ = {
			isa = XCBuildConfiguration;
			buildSettings = {
				ALWAYS_EMBED_SWIFT_STANDARD_LIBRARIES = YES;
				BUNDLE_LOADER = "$(TEST_HOST)";
				CODE_SIGN_STYLE = Automatic;
				CURRENT_PROJECT_VERSION = 1;
				GENERATE_INFOPLIST_FILE = YES;
				IPHONEOS_DEPLOYMENT_TARGET = 17.2;
				MARKETING_VERSION = 1.0;
				PRODUCT_BUNDLE_IDENTIFIER = "com.zignuts.calculator-akashTests";
				PRODUCT_NAME = "$(TARGET_NAME)";
				SWIFT_EMIT_LOC_STRINGS = NO;
				SWIFT_VERSION = 5.0;
				TARGETED_DEVICE_FAMILY = "1,2";
				TEST_HOST = "$(BUILT_PRODUCTS_DIR)/calculator akash.app/$(BUNDLE_EXECUTABLE_FOLDER_PATH)/calculator akash";
			};
			name = Release;
		};
		74AE4B5C2B7E247C00ABF157 /* Debug */ = {
			isa = XCBuildConfiguration;
			buildSettings = {
				ALWAYS_EMBED_SWIFT_STANDARD_LIBRARIES = YES;
				CODE_SIGN_STYLE = Automatic;
				CURRENT_PROJECT_VERSION = 1;
				GENERATE_INFOPLIST_FILE = YES;
				MARKETING_VERSION = 1.0;
				PRODUCT_BUNDLE_IDENTIFIER = "com.zignuts.calculator-akashUITests";
				PRODUCT_NAME = "$(TARGET_NAME)";
				SWIFT_EMIT_LOC_STRINGS = NO;
				SWIFT_VERSION = 5.0;
				TARGETED_DEVICE_FAMILY = "1,2";
				TEST_TARGET_NAME = "calculator akash";
			};
			name = Debug;
		};
		74AE4B5D2B7E247C00ABF157 /* Release */ = {
			isa = XCBuildConfiguration;
			buildSettings = {
				ALWAYS_EMBED_SWIFT_STANDARD_LIBRARIES = YES;
				CODE_SIGN_STYLE = Automatic;
				CURRENT_PROJECT_VERSION = 1;
				GENERATE_INFOPLIST_FILE = YES;
				MARKETING_VERSION = 1.0;
				PRODUCT_BUNDLE_IDENTIFIER = "com.zignuts.calculator-akashUITests";
				PRODUCT_NAME = "$(TARGET_NAME)";
				SWIFT_EMIT_LOC_STRINGS = NO;
				SWIFT_VERSION = 5.0;
				TARGETED_DEVICE_FAMILY = "1,2";
				TEST_TARGET_NAME = "calculator akash";
			};
			name = Release;
		};
/* End XCBuildConfiguration section */

/* Begin XCConfigurationList section */
		74AE4B262B7E247A00ABF157 /* Build configuration list for PBXProject "calculator akash" */ = {
			isa = XCConfigurationList;
			buildConfigurations = (
				74AE4B532B7E247C00ABF157 /* Debug */,
				74AE4B542B7E247C00ABF157 /* Release */,
			);
			defaultConfigurationIsVisible = 0;
			defaultConfigurationName = Release;
		};
		74AE4B552B7E247C00ABF157 /* Build configuration list for PBXNativeTarget "calculator akash" */ = {
			isa = XCConfigurationList;
			buildConfigurations = (
				74AE4B562B7E247C00ABF157 /* Debug */,
				74AE4B572B7E247C00ABF157 /* Release */,
			);
			defaultConfigurationIsVisible = 0;
			defaultConfigurationName = Release;
		};
		74AE4B582B7E247C00ABF157 /* Build configuration list for PBXNativeTarget "calculator akashTests" */ = {
			isa = XCConfigurationList;
			buildConfigurations = (
				74AE4B592B7E247C00ABF157 /* Debug */,
				74AE4B5A2B7E247C00ABF157 /* Release */,
			);
			defaultConfigurationIsVisible = 0;
			defaultConfigurationName = Release;
		};
		74AE4B5B2B7E247C00ABF157 /* Build configuration list for PBXNativeTarget "calculator akashUITests" */ = {
			isa = XCConfigurationList;
			buildConfigurations = (
				74AE4B5C2B7E247C00ABF157 /* Debug */,
				74AE4B5D2B7E247C00ABF157 /* Release */,
			);
			defaultConfigurationIsVisible = 0;
			defaultConfigurationName = Release;
		};
/* End XCConfigurationList section */
	};
	rootObject = 74AE4B232B7E247A00ABF157 /* Project object */;
}
